
Microsoft Visual Studio Solution File, Format Version 12.00
# Visual Studio 2013
VisualStudioVersion = 12.0.30324.0
MinimumVisualStudioVersion = 10.0.40219.1
Project("{2150E333-8FDC-42A3-9474-1A3956D46DE8}") = "Solution Items", "Solution Items", "{8BBBEC00-BD81-4F37-A855-D338DC01E1C5}"
	ProjectSection(SolutionItems) = preProject
		CONTRIBUTING.md = CONTRIBUTING.md
		license.txt = license.txt
		README.md = README.md
	EndProjectSection
EndProject
Project("{9A19103F-16F7-4668-BE54-9A1E7A4F7556}") = "Microsoft.Exchange.WebServices.Data", "Microsoft.Exchange.WebServices.Data.csproj", "{F059972F-0561-4203-ABB8-3ABB41CCBE22}"
EndProject
Global
	GlobalSection(SolutionConfigurationPlatforms) = preSolution
		Debug|Any CPU = Debug|Any CPU
		Release|Any CPU = Release|Any CPU
	EndGlobalSection
	GlobalSection(ProjectConfigurationPlatforms) = postSolution
		{F059972F-0561-4203-ABB8-3ABB41CCBE22}.Debug|Any CPU.ActiveCfg = Debug|Any CPU
		{F059972F-0561-4203-ABB8-3ABB41CCBE22}.Debug|Any CPU.Build.0 = Debug|Any CPU
		{F059972F-0561-4203-ABB8-3ABB41CCBE22}.Release|Any CPU.ActiveCfg = Release|Any CPU
		{F059972F-0561-4203-ABB8-3ABB41CCBE22}.Release|Any CPU.Build.0 = Release|Any CPU
	EndGlobalSection
	GlobalSection(SolutionProperties) = preSolution
		HideSolutionNode = FALSE
	EndGlobalSection
EndGlobal
